// !$*UTF8*$!
{
	archiveVersion = 1;
	classes = {
	};
	objectVersion = 50;
	objects = {

/* Begin PBXBuildFile section */
		52C3B1F3208C2D7A00D6A9B7 /* AppDelegate.swift in Sources */ = {isa = PBXBuildFile; fileRef = 52C3B1F2208C2D7A00D6A9B7 /* AppDelegate.swift */; };
		52C3B1F5208C2D7A00D6A9B7 /* ViewController.swift in Sources */ = {isa = PBXBuildFile; fileRef = 52C3B1F4208C2D7A00D6A9B7 /* ViewController.swift */; };
		52C3B1F8208C2D7A00D6A9B7 /* Main.storyboard in Resources */ = {isa = PBXBuildFile; fileRef = 52C3B1F6208C2D7A00D6A9B7 /* Main.storyboard */; };
		52C3B1FB208C2D7A00D6A9B7 /* swoleTracker.xcdatamodeld in Sources */ = {isa = PBXBuildFile; fileRef = 52C3B1F9208C2D7A00D6A9B7 /* swoleTracker.xcdatamodeld */; };
		52C3B1FD208C2D7C00D6A9B7 /* Assets.xcassets in Resources */ = {isa = PBXBuildFile; fileRef = 52C3B1FC208C2D7C00D6A9B7 /* Assets.xcassets */; };
		52C3B200208C2D7C00D6A9B7 /* LaunchScreen.storyboard in Resources */ = {isa = PBXBuildFile; fileRef = 52C3B1FE208C2D7C00D6A9B7 /* LaunchScreen.storyboard */; };
		6E4519DD208C538300FDF75B /* Bauhaus-93_6274.ttf in Resources */ = {isa = PBXBuildFile; fileRef = 6E4519DC208C538300FDF75B /* Bauhaus-93_6274.ttf */; };
		6E4519DF208C785500FDF75B /* HomeController.swift in Sources */ = {isa = PBXBuildFile; fileRef = 6E4519DE208C785500FDF75B /* HomeController.swift */; };
		6E4519E1208C795A00FDF75B /* weight_scale.jpeg in Resources */ = {isa = PBXBuildFile; fileRef = 6E4519E0208C795A00FDF75B /* weight_scale.jpeg */; };
		6E4519E3208C796300FDF75B /* eating-healthy.jpeg in Resources */ = {isa = PBXBuildFile; fileRef = 6E4519E2208C796300FDF75B /* eating-healthy.jpeg */; };
		6E4519E5208C796A00FDF75B /* ThinkstockPhotos-589415708.jpeg in Resources */ = {isa = PBXBuildFile; fileRef = 6E4519E4208C796A00FDF75B /* ThinkstockPhotos-589415708.jpeg */; };
		6E4519E7208CE41F00FDF75B /* addConsole.swift in Sources */ = {isa = PBXBuildFile; fileRef = 6E4519E6208CE41F00FDF75B /* addConsole.swift */; };
/* End PBXBuildFile section */

/* Begin PBXFileReference section */
		52C3B1EF208C2D7A00D6A9B7 /* swoleTracker.app */ = {isa = PBXFileReference; explicitFileType = wrapper.application; includeInIndex = 0; path = swoleTracker.app; sourceTree = BUILT_PRODUCTS_DIR; };
		52C3B1F2208C2D7A00D6A9B7 /* AppDelegate.swift */ = {isa = PBXFileReference; lastKnownFileType = sourcecode.swift; path = AppDelegate.swift; sourceTree = "<group>"; };
		52C3B1F4208C2D7A00D6A9B7 /* ViewController.swift */ = {isa = PBXFileReference; lastKnownFileType = sourcecode.swift; path = ViewController.swift; sourceTree = "<group>"; };
		52C3B1F7208C2D7A00D6A9B7 /* Base */ = {isa = PBXFileReference; lastKnownFileType = file.storyboard; name = Base; path = Base.lproj/Main.storyboard; sourceTree = "<group>"; };
		52C3B1FA208C2D7A00D6A9B7 /* swoleTracker.xcdatamodel */ = {isa = PBXFileReference; lastKnownFileType = wrapper.xcdatamodel; path = swoleTracker.xcdatamodel; sourceTree = "<group>"; };
		52C3B1FC208C2D7C00D6A9B7 /* Assets.xcassets */ = {isa = PBXFileReference; lastKnownFileType = folder.assetcatalog; path = Assets.xcassets; sourceTree = "<group>"; };
		52C3B1FF208C2D7C00D6A9B7 /* Base */ = {isa = PBXFileReference; lastKnownFileType = file.storyboard; name = Base; path = Base.lproj/LaunchScreen.storyboard; sourceTree = "<group>"; };
		52C3B201208C2D7C00D6A9B7 /* Info.plist */ = {isa = PBXFileReference; lastKnownFileType = text.plist.xml; path = Info.plist; sourceTree = "<group>"; };
		6E4519DC208C538300FDF75B /* Bauhaus-93_6274.ttf */ = {isa = PBXFileReference; lastKnownFileType = file; name = "Bauhaus-93_6274.ttf"; path = "../../../Desktop/Bauhaus-93_6274.ttf"; sourceTree = "<group>"; };
		6E4519DE208C785500FDF75B /* HomeController.swift */ = {isa = PBXFileReference; lastKnownFileType = sourcecode.swift; path = HomeController.swift; sourceTree = "<group>"; };
		6E4519E0208C795A00FDF75B /* weight_scale.jpeg */ = {isa = PBXFileReference; lastKnownFileType = image.jpeg; name = weight_scale.jpeg; path = ../../../../../var/folders/dq/szvfyq213_q4xkhb0pfzjhnw0000gn/T/com.apple.iChat/Messages/Transfers/weight_scale.jpeg; sourceTree = "<group>"; };
		6E4519E2208C796300FDF75B /* eating-healthy.jpeg */ = {isa = PBXFileReference; lastKnownFileType = image.jpeg; name = "eating-healthy.jpeg"; path = "../../../../../var/folders/dq/szvfyq213_q4xkhb0pfzjhnw0000gn/T/com.apple.iChat/Messages/Transfers/eating-healthy.jpeg"; sourceTree = "<group>"; };
		6E4519E4208C796A00FDF75B /* ThinkstockPhotos-589415708.jpeg */ = {isa = PBXFileReference; lastKnownFileType = image.jpeg; name = "ThinkstockPhotos-589415708.jpeg"; path = "../../../../../var/folders/dq/szvfyq213_q4xkhb0pfzjhnw0000gn/T/com.apple.iChat/Messages/Transfers/ThinkstockPhotos-589415708.jpeg"; sourceTree = "<group>"; };
		6E4519E6208CE41F00FDF75B /* addConsole.swift */ = {isa = PBXFileReference; lastKnownFileType = sourcecode.swift; path = addConsole.swift; sourceTree = "<group>"; };
/* End PBXFileReference section */

/* Begin PBXFrameworksBuildPhase section */
		52C3B1EC208C2D7A00D6A9B7 /* Frameworks */ = {
			isa = PBXFrameworksBuildPhase;
			buildActionMask = 2147483647;
			files = (
			);
			runOnlyForDeploymentPostprocessing = 0;
		};
/* End PBXFrameworksBuildPhase section */

/* Begin PBXGroup section */
		52C3B1E6208C2D7A00D6A9B7 = {
			isa = PBXGroup;
			children = (
				52C3B1F1208C2D7A00D6A9B7 /* swoleTracker */,
				52C3B1F0208C2D7A00D6A9B7 /* Products */,
			);
			sourceTree = "<group>";
		};
		52C3B1F0208C2D7A00D6A9B7 /* Products */ = {
			isa = PBXGroup;
			children = (
				52C3B1EF208C2D7A00D6A9B7 /* swoleTracker.app */,
			);
			name = Products;
			sourceTree = "<group>";
		};
		52C3B1F1208C2D7A00D6A9B7 /* swoleTracker */ = {
			isa = PBXGroup;
			children = (
				6E4519E4208C796A00FDF75B /* ThinkstockPhotos-589415708.jpeg */,
				6E4519E2208C796300FDF75B /* eating-healthy.jpeg */,
				6E4519E0208C795A00FDF75B /* weight_scale.jpeg */,
				6E4519DC208C538300FDF75B /* Bauhaus-93_6274.ttf */,
				52C3B1F2208C2D7A00D6A9B7 /* AppDelegate.swift */,
				52C3B1F4208C2D7A00D6A9B7 /* ViewController.swift */,
				6E4519DE208C785500FDF75B /* HomeController.swift */,
				6E4519E6208CE41F00FDF75B /* addConsole.swift */,
				52C3B1F6208C2D7A00D6A9B7 /* Main.storyboard */,
				52C3B1FC208C2D7C00D6A9B7 /* Assets.xcassets */,
				52C3B1FE208C2D7C00D6A9B7 /* LaunchScreen.storyboard */,
				52C3B201208C2D7C00D6A9B7 /* Info.plist */,
				52C3B1F9208C2D7A00D6A9B7 /* swoleTracker.xcdatamodeld */,
			);
			path = swoleTracker;
			sourceTree = "<group>";
		};
/* End PBXGroup section */

/* Begin PBXNativeTarget section */
		52C3B1EE208C2D7A00D6A9B7 /* swoleTracker */ = {
			isa = PBXNativeTarget;
			buildConfigurationList = 52C3B204208C2D7C00D6A9B7 /* Build configuration list for PBXNativeTarget "swoleTracker" */;
			buildPhases = (
				52C3B1EB208C2D7A00D6A9B7 /* Sources */,
				52C3B1EC208C2D7A00D6A9B7 /* Frameworks */,
				52C3B1ED208C2D7A00D6A9B7 /* Resources */,
			);
			buildRules = (
			);
			dependencies = (
			);
			name = swoleTracker;
			productName = swoleTracker;
			productReference = 52C3B1EF208C2D7A00D6A9B7 /* swoleTracker.app */;
			productType = "com.apple.product-type.application";
		};
/* End PBXNativeTarget section */

/* Begin PBXProject section */
		52C3B1E7208C2D7A00D6A9B7 /* Project object */ = {
			isa = PBXProject;
			attributes = {
				LastSwiftUpdateCheck = 0930;
				LastUpgradeCheck = 0930;
				ORGANIZATIONNAME = "Swole Boyz";
				TargetAttributes = {
					52C3B1EE208C2D7A00D6A9B7 = {
						CreatedOnToolsVersion = 9.3;
					};
				};
			};
			buildConfigurationList = 52C3B1EA208C2D7A00D6A9B7 /* Build configuration list for PBXProject "swoleTracker" */;
			compatibilityVersion = "Xcode 9.3";
			developmentRegion = en;
			hasScannedForEncodings = 0;
			knownRegions = (
				en,
				Base,
			);
			mainGroup = 52C3B1E6208C2D7A00D6A9B7;
			productRefGroup = 52C3B1F0208C2D7A00D6A9B7 /* Products */;
			projectDirPath = "";
			projectRoot = "";
			targets = (
				52C3B1EE208C2D7A00D6A9B7 /* swoleTracker */,
			);
		};
/* End PBXProject section */

/* Begin PBXResourcesBuildPhase section */
		52C3B1ED208C2D7A00D6A9B7 /* Resources */ = {
			isa = PBXResourcesBuildPhase;
			buildActionMask = 2147483647;
			files = (
				6E4519DD208C538300FDF75B /* Bauhaus-93_6274.ttf in Resources */,
				52C3B200208C2D7C00D6A9B7 /* LaunchScreen.storyboard in Resources */,
				6E4519E1208C795A00FDF75B /* weight_scale.jpeg in Resources */,
				52C3B1FD208C2D7C00D6A9B7 /* Assets.xcassets in Resources */,
				52C3B1F8208C2D7A00D6A9B7 /* Main.storyboard in Resources */,
				6E4519E3208C796300FDF75B /* eating-healthy.jpeg in Resources */,
				6E4519E5208C796A00FDF75B /* ThinkstockPhotos-589415708.jpeg in Resources */,
			);
			runOnlyForDeploymentPostprocessing = 0;
		};
/* End PBXResourcesBuildPhase section */

/* Begin PBXSourcesBuildPhase section */
		52C3B1EB208C2D7A00D6A9B7 /* Sources */ = {
			isa = PBXSourcesBuildPhase;
			buildActionMask = 2147483647;
			files = (
				6E4519E7208CE41F00FDF75B /* addConsole.swift in Sources */,
				6E4519DF208C785500FDF75B /* HomeController.swift in Sources */,
				52C3B1F5208C2D7A00D6A9B7 /* ViewController.swift in Sources */,
				52C3B1FB208C2D7A00D6A9B7 /* swoleTracker.xcdatamodeld in Sources */,
				52C3B1F3208C2D7A00D6A9B7 /* AppDelegate.swift in Sources */,
			);
			runOnlyForDeploymentPostprocessing = 0;
		};
/* End PBXSourcesBuildPhase section */

/* Begin PBXVariantGroup section */
		52C3B1F6208C2D7A00D6A9B7 /* Main.storyboard */ = {
			isa = PBXVariantGroup;
			children = (
				52C3B1F7208C2D7A00D6A9B7 /* Base */,
			);
			name = Main.storyboard;
			sourceTree = "<group>";
		};
		52C3B1FE208C2D7C00D6A9B7 /* LaunchScreen.storyboard */ = {
			isa = PBXVariantGroup;
			children = (
				52C3B1FF208C2D7C00D6A9B7 /* Base */,
			);
			name = LaunchScreen.storyboard;
			sourceTree = "<group>";
		};
/* End PBXVariantGroup section */

/* Begin XCBuildConfiguration section */
		52C3B202208C2D7C00D6A9B7 /* Debug */ = {
			isa = XCBuildConfiguration;
			buildSettings = {
				ALWAYS_SEARCH_USER_PATHS = NO;
				CLANG_ANALYZER_NONNULL = YES;
				CLANG_ANALYZER_NUMBER_OBJECT_CONVERSION = YES_AGGRESSIVE;
				CLANG_CXX_LANGUAGE_STANDARD = "gnu++14";
				CLANG_CXX_LIBRARY = "libc++";
				CLANG_ENABLE_MODULES = YES;
				CLANG_ENABLE_OBJC_ARC = YES;
				CLANG_ENABLE_OBJC_WEAK = YES;
				CLANG_WARN_BLOCK_CAPTURE_AUTORELEASING = YES;
				CLANG_WARN_BOOL_CONVERSION = YES;
				CLANG_WARN_COMMA = YES;
				CLANG_WARN_CONSTANT_CONVERSION = YES;
				CLANG_WARN_DEPRECATED_OBJC_IMPLEMENTATIONS = YES;
				CLANG_WARN_DIRECT_OBJC_ISA_USAGE = YES_ERROR;
				CLANG_WARN_DOCUMENTATION_COMMENTS = YES;
				CLANG_WARN_EMPTY_BODY = YES;
				CLANG_WARN_ENUM_CONVERSION = YES;
				CLANG_WARN_INFINITE_RECURSION = YES;
				CLANG_WARN_INT_CONVERSION = YES;
				CLANG_WARN_NON_LITERAL_NULL_CONVERSION = YES;
				CLANG_WARN_OBJC_IMPLICIT_RETAIN_SELF = YES;
				CLANG_WARN_OBJC_LITERAL_CONVERSION = YES;
				CLANG_WARN_OBJC_ROOT_CLASS = YES_ERROR;
				CLANG_WARN_RANGE_LOOP_ANALYSIS = YES;
				CLANG_WARN_STRICT_PROTOTYPES = YES;
				CLANG_WARN_SUSPICIOUS_MOVE = YES;
				CLANG_WARN_UNGUARDED_AVAILABILITY = YES_AGGRESSIVE;
				CLANG_WARN_UNREACHABLE_CODE = YES;
				CLANG_WARN__DUPLICATE_METHOD_MATCH = YES;
				CODE_SIGN_IDENTITY = "iPhone Developer";
				COPY_PHASE_STRIP = NO;
				DEBUG_INFORMATION_FORMAT = dwarf;
				ENABLE_STRICT_OBJC_MSGSEND = YES;
				ENABLE_TESTABILITY = YES;
				GCC_C_LANGUAGE_STANDARD = gnu11;
				GCC_DYNAMIC_NO_PIC = NO;
				GCC_NO_COMMON_BLOCKS = YES;
				GCC_OPTIMIZATION_LEVEL = 0;
				GCC_PREPROCESSOR_DEFINITIONS = (
					"DEBUG=1",
					"$(inherited)",
				);
				GCC_WARN_64_TO_32_BIT_CONVERSION = YES;
				GCC_WARN_ABOUT_RETURN_TYPE = YES_ERROR;
				GCC_WARN_UNDECLARED_SELECTOR = YES;
				GCC_WARN_UNINITIALIZED_AUTOS = YES_AGGRESSIVE;
				GCC_WARN_UNUSED_FUNCTION = YES;
				GCC_WARN_UNUSED_VARIABLE = YES;
				IPHONEOS_DEPLOYMENT_TARGET = 11.3;
				MTL_ENABLE_DEBUG_INFO = YES;
				ONLY_ACTIVE_ARCH = YES;
				SDKROOT = iphoneos;
				SWIFT_ACTIVE_COMPILATION_CONDITIONS = DEBUG;
				SWIFT_OPTIMIZATION_LEVEL = "-Onone";
			};
			name = Debug;
		};
		52C3B203208C2D7C00D6A9B7 /* Release */ = {
			isa = XCBuildConfiguration;
			buildSettings = {
				ALWAYS_SEARCH_USER_PATHS = NO;
				CLANG_ANALYZER_NONNULL = YES;
				CLANG_ANALYZER_NUMBER_OBJECT_CONVERSION = YES_AGGRESSIVE;
				CLANG_CXX_LANGUAGE_STANDARD = "gnu++14";
				CLANG_CXX_LIBRARY = "libc++";
				CLANG_ENABLE_MODULES = YES;
				CLANG_ENABLE_OBJC_ARC = YES;
				CLANG_ENABLE_OBJC_WEAK = YES;
				CLANG_WARN_BLOCK_CAPTURE_AUTORELEASING = YES;
				CLANG_WARN_BOOL_CONVERSION = YES;
				CLANG_WARN_COMMA = YES;
				CLANG_WARN_CONSTANT_CONVERSION = YES;
				CLANG_WARN_DEPRECATED_OBJC_IMPLEMENTATIONS = YES;
				CLANG_WARN_DIRECT_OBJC_ISA_USAGE = YES_ERROR;
				CLANG_WARN_DOCUMENTATION_COMMENTS = YES;
				CLANG_WARN_EMPTY_BODY = YES;
				CLANG_WARN_ENUM_CONVERSION = YES;
				CLANG_WARN_INFINITE_RECURSION = YES;
				CLANG_WARN_INT_CONVERSION = YES;
				CLANG_WARN_NON_LITERAL_NULL_CONVERSION = YES;
				CLANG_WARN_OBJC_IMPLICIT_RETAIN_SELF = YES;
				CLANG_WARN_OBJC_LITERAL_CONVERSION = YES;
				CLANG_WARN_OBJC_ROOT_CLASS = YES_ERROR;
				CLANG_WARN_RANGE_LOOP_ANALYSIS = YES;
				CLANG_WARN_STRICT_PROTOTYPES = YES;
				CLANG_WARN_SUSPICIOUS_MOVE = YES;
				CLANG_WARN_UNGUARDED_AVAILABILITY = YES_AGGRESSIVE;
				CLANG_WARN_UNREACHABLE_CODE = YES;
				CLANG_WARN__DUPLICATE_METHOD_MATCH = YES;
				CODE_SIGN_IDENTITY = "iPhone Developer";
				COPY_PHASE_STRIP = NO;
				DEBUG_INFORMATION_FORMAT = "dwarf-with-dsym";
				ENABLE_NS_ASSERTIONS = NO;
				ENABLE_STRICT_OBJC_MSGSEND = YES;
				GCC_C_LANGUAGE_STANDARD = gnu11;
				GCC_NO_COMMON_BLOCKS = YES;
				GCC_WARN_64_TO_32_BIT_CONVERSION = YES;
				GCC_WARN_ABOUT_RETURN_TYPE = YES_ERROR;
				GCC_WARN_UNDECLARED_SELECTOR = YES;
				GCC_WARN_UNINITIALIZED_AUTOS = YES_AGGRESSIVE;
				GCC_WARN_UNUSED_FUNCTION = YES;
				GCC_WARN_UNUSED_VARIABLE = YES;
				IPHONEOS_DEPLOYMENT_TARGET = 11.3;
				MTL_ENABLE_DEBUG_INFO = NO;
				SDKROOT = iphoneos;
				SWIFT_COMPILATION_MODE = wholemodule;
				SWIFT_OPTIMIZATION_LEVEL = "-O";
				VALIDATE_PRODUCT = YES;
			};
			name = Release;
		};
		52C3B205208C2D7C00D6A9B7 /* Debug */ = {
			isa = XCBuildConfiguration;
			buildSettings = {
				ASSETCATALOG_COMPILER_APPICON_NAME = AppIcon;
				CODE_SIGN_STYLE = Automatic;
				DEVELOPMENT_TEAM = SVAFJT4575;
				INFOPLIST_FILE = swoleTracker/Info.plist;
				LD_RUNPATH_SEARCH_PATHS = (
					"$(inherited)",
					"@executable_path/Frameworks",
				);
				PRODUCT_BUNDLE_IDENTIFIER = com.swoleBoyz.swoleTrackerk;
				PRODUCT_NAME = "$(TARGET_NAME)";
				SWIFT_VERSION = 4.0;
				TARGETED_DEVICE_FAMILY = "1,2";
			};
			name = Debug;
		};
		52C3B206208C2D7C00D6A9B7 /* Release */ = {
			isa = XCBuildConfiguration;
			buildSettings = {
				ASSETCATALOG_COMPILER_APPICON_NAME = AppIcon;
				CODE_SIGN_STYLE = Automatic;
				DEVELOPMENT_TEAM = SVAFJT4575;
				INFOPLIST_FILE = swoleTracker/Info.plist;
				LD_RUNPATH_SEARCH_PATHS = (
					"$(inherited)",
					"@executable_path/Frameworks",
				);
				PRODUCT_BUNDLE_IDENTIFIER = com.swoleBoyz.swoleTrackerk;
				PRODUCT_NAME = "$(TARGET_NAME)";
				SWIFT_VERSION = 4.0;
				TARGETED_DEVICE_FAMILY = "1,2";
			};
			name = Release;
		};
/* End XCBuildConfiguration section */

/* Begin XCConfigurationList section */
		52C3B1EA208C2D7A00D6A9B7 /* Build configuration list for PBXProject "swoleTracker" */ = {
			isa = XCConfigurationList;
			buildConfigurations = (
				52C3B202208C2D7C00D6A9B7 /* Debug */,
				52C3B203208C2D7C00D6A9B7 /* Release */,
			);
			defaultConfigurationIsVisible = 0;
			defaultConfigurationName = Release;
		};
		52C3B204208C2D7C00D6A9B7 /* Build configuration list for PBXNativeTarget "swoleTracker" */ = {
			isa = XCConfigurationList;
			buildConfigurations = (
				52C3B205208C2D7C00D6A9B7 /* Debug */,
				52C3B206208C2D7C00D6A9B7 /* Release */,
			);
			defaultConfigurationIsVisible = 0;
			defaultConfigurationName = Release;
		};
/* End XCConfigurationList section */

/* Begin XCVersionGroup section */
		52C3B1F9208C2D7A00D6A9B7 /* swoleTracker.xcdatamodeld */ = {
			isa = XCVersionGroup;
			children = (
				52C3B1FA208C2D7A00D6A9B7 /* swoleTracker.xcdatamodel */,
			);
			currentVersion = 52C3B1FA208C2D7A00D6A9B7 /* swoleTracker.xcdatamodel */;
			path = swoleTracker.xcdatamodeld;
			sourceTree = "<group>";
			versionGroupType = wrapper.xcdatamodel;
		};
/* End XCVersionGroup section */
	};
	rootObject = 52C3B1E7208C2D7A00D6A9B7 /* Project object */;
}
